
Microsoft Visual Studio Solution File, Format Version 12.00
# Visual Studio Version 17
VisualStudioVersion = 17.7.34003.232
MinimumVisualStudioVersion = 10.0.40219.1
Project("{FAE04EC0-301F-11D3-BF4B-00C04F79EFBC}") = "testloop2", "testloop2\testloop2.csproj", "{C060BA78-FF03-41F3-A03F-453A336DF094}"
EndProject
Global
	GlobalSection(SolutionConfigurationPlatforms) = preSolution
		Debug|Any CPU = Debug|Any CPU
		Release|Any CPU = Release|Any CPU
	EndGlobalSection
	GlobalSection(ProjectConfigurationPlatforms) = postSolution
		{C060BA78-FF03-41F3-A03F-453A336DF094}.Debug|Any CPU.ActiveCfg = Debug|Any CPU
		{C060BA78-FF03-41F3-A03F-453A336DF094}.Debug|Any CPU.Build.0 = Debug|Any CPU
		{C060BA78-FF03-41F3-A03F-453A336DF094}.Release|Any CPU.ActiveCfg = Release|Any CPU
		{C060BA78-FF03-41F3-A03F-453A336DF094}.Release|Any CPU.Build.0 = Release|Any CPU
	EndGlobalSection
	GlobalSection(SolutionProperties) = preSolution
		HideSolutionNode = FALSE
	EndGlobalSection
	GlobalSection(ExtensibilityGlobals) = postSolution
		SolutionGuid = {AD8B729A-2060-4158-B1AD-E8879F728F92}
	EndGlobalSection
EndGlobal
